{
  "name": "Août 2025",
  "lockfileVersion": 3,
  "requires": true,
  "packages": {
    "": {
      "dependencies": {
        "@olton/metroui": "^5.1.15"
      }
    },
    "node_modules/@olton/datetime": {
      "version": "3.2.5",
      "resolved": "https://registry.npmjs.org/@olton/datetime/-/datetime-3.2.5.tgz",
      "integrity": "sha512-UZoLLPhO/pEW9ZxWbAGv0DCfsKd1LXyzOEkfkkaJ60mo1msPNjX5Z5hUO4RGvLIXo32ZBdZaWzzU92VtR2U7sQ==",
      "license": "MIT"
    },
    "node_modules/@olton/dom": {
      "version": "1.5.1",
      "resolved": "https://registry.npmjs.org/@olton/dom/-/dom-1.5.1.tgz",
      "integrity": "sha512-vVXQYluo3id17GTol+0GI2RbD7HS9ajT6avHbnLXKE7ORjQ/NNfaRtvgJqWOnLGC0H+O09gVSm3g8HGOiNaRYQ==",
      "license": "MIT",
      "dependencies": {
        "web-worker": "^1.5.0"
      }
    },
    "node_modules/@olton/farbe": {
      "version": "1.0.11",
      "resolved": "https://registry.npmjs.org/@olton/farbe/-/farbe-1.0.11.tgz",
      "integrity": "sha512-gYpiDuKUIfONnc21a/q322RLGHGcwN0VABj+g3CoXwO4ysVxDVdAzfrwlOWbe4fFJwswr/HUUG0Ll8iJRo0eiw==",
      "funding": [
        {
          "type": "paypal",
          "url": "serhii@pimenov.com.ua"
        },
        {
          "type": "patreon",
          "url": "https://www.patreon.com/metroui"
        },
        {
          "type": "subscription",
          "url": "https://korzh.com/metroui#licensing"
        }
      ],
      "license": "MIT"
    },
    "node_modules/@olton/guardian": {
      "version": "0.7.3",
      "resolved": "https://registry.npmjs.org/@olton/guardian/-/guardian-0.7.3.tgz",
      "integrity": "sha512-ypl1ePJHjhz7Kl+Mo+N4E85bqgjIgdh070zmz22ZrVtv7lMXyvJ5yNJaz33UOvYKPylU9yQfi4MDomPuSfFQkg==",
      "license": "MIT"
    },
    "node_modules/@olton/hooks": {
      "version": "0.13.1",
      "resolved": "https://registry.npmjs.org/@olton/hooks/-/hooks-0.13.1.tgz",
      "integrity": "sha512-Mi59Dnmg9N7Yv0FsbrrPKf6GEvRbSv3bNca20whjCUQguQ7qUx4T54XX9KFAkJNqTVDQHbppZgV3pYjRsdb23w==",
      "license": "MIT"
    },
    "node_modules/@olton/html": {
      "version": "0.15.1",
      "resolved": "https://registry.npmjs.org/@olton/html/-/html-0.15.1.tgz",
      "integrity": "sha512-jdKda7+O/oOCJDOdIV9BAd5tk1qYuUUNYSVK0KAAY/fkycCjBG7QwStzNGmtaXz8bpIcL1giid+JdcSe4BaNUw==",
      "funding": [
        {
          "type": "paypal",
          "url": "serhii@pimenov.com.ua"
        },
        {
          "type": "patreon",
          "url": "https://www.patreon.com/metroui"
        },
        {
          "type": "subscription",
          "url": "https://korzh.com/metroui#licensing"
        }
      ],
      "license": "MIT"
    },
    "node_modules/@olton/metroui": {
      "version": "5.1.15",
      "resolved": "https://registry.npmjs.org/@olton/metroui/-/metroui-5.1.15.tgz",
      "integrity": "sha512-tyI4/ssK+65nftsOpjibV7RpFJsYp3RihSZaW0wN3dPxtmBU0r5TDIw5As5XsjmoOxOxTuT2x2vdBz7KjK72Qw==",
      "license": "MIT",
      "dependencies": {
        "@olton/datetime": "^3.2.5",
        "@olton/dom": "^1.5.1",
        "@olton/farbe": "^1.0.11",
        "@olton/guardian": "^0.7.3",
        "@olton/hooks": "^0.13.1",
        "@olton/html": "^0.15.1",
        "@olton/model": "^0.18.1",
        "@olton/router": "^0.4.1",
        "@olton/string": "^0.10.2"
      },
      "funding": {
        "type": "patreon",
        "url": "https://www.patreon.com/metroui"
      }
    },
    "node_modules/@olton/model": {
      "version": "0.18.1",
      "resolved": "https://registry.npmjs.org/@olton/model/-/model-0.18.1.tgz",
      "integrity": "sha512-UyvvUrINPC9W5mbf2sZXAbDaUKuRykQ7TCpfqfx2Qd8mPskMt5R65zzmYBtAoapeDfxtvnAYi9PYIwgIraKyZw==",
      "license": "MIT",
      "funding": {
        "type": "patreon",
        "url": "https://www.patreon.com/metroui"
      }
    },
    "node_modules/@olton/router": {
      "version": "0.4.1",
      "resolved": "https://registry.npmjs.org/@olton/router/-/router-0.4.1.tgz",
      "integrity": "sha512-9pCSomojBBM3kkqlofttpYchF+Qm2D73IYCQq2NBhiPkustnkXua9i4XCSVP3ptXpgvIOsc6+RnPR7AGB+5utA==",
      "license": "MIT"
    },
    "node_modules/@olton/string": {
      "version": "0.10.2",
      "resolved": "https://registry.npmjs.org/@olton/string/-/string-0.10.2.tgz",
      "integrity": "sha512-xuBuCOkgyJkEyVBSkjFPIYuAzZiCiGQuks/eWvwgF01A+QMXLv1w+OpR1M40ehCjvKVgz4eXWHqSBL7wfX+KiQ==",
      "license": "MIT"
    },
    "node_modules/web-worker": {
      "version": "1.5.0",
      "resolved": "https://registry.npmjs.org/web-worker/-/web-worker-1.5.0.tgz",
      "integrity": "sha512-RiMReJrTAiA+mBjGONMnjVDP2u3p9R1vkcGz6gDIrOMT3oGuYwX2WRMYI9ipkphSuE5XKEhydbhNEJh4NY9mlw==",
      "license": "Apache-2.0"
    }
  }
}
